lockfileVersion: '6.0'

settings:
  autoInstallPeers: true
  excludeLinksFromLockfile: false

dependencies:
  '@tauri-apps/plugin-fs':
    specifier: ~2
    version: 2.2.0

packages:

  /@tauri-apps/api@2.3.0:
    resolution: {integrity: sha512-33Z+0lX2wgZbx1SPFfqvzI6su63hCBkbzv+5NexeYjIx7WA9htdOKoRR7Dh3dJyltqS5/J8vQFyybiRoaL0hlA==}
    dev: false

  /@tauri-apps/plugin-fs@2.2.0:
    resolution: {integrity: sha512-+08mApuONKI8/sCNEZ6AR8vf5vI9DXD4YfrQ9NQmhRxYKMLVhRW164vdW5BSLmMpuevftpQ2FVoL9EFkfG9Z+g==}
    dependencies:
      '@tauri-apps/api': 2.3.0
    dev: false
